
Microsoft Visual Studio Solution File, Format Version 12.00
# Visual Studio Version 17
VisualStudioVersion = 17.4.33205.214
MinimumVisualStudioVersion = 10.0.40219.1
Project("{9A19103F-16F7-4668-BE54-9A1E7A4F7556}") = "Altium.TestTask.ConsoleApp", "Altium.TestTask.ConsoleApp\Altium.TestTask.ConsoleApp.csproj", "{2BECFB75-ECA4-4601-8026-34990B9CDD71}"
EndProject
Project("{9A19103F-16F7-4668-BE54-9A1E7A4F7556}") = "Altium.TestTask.Sorter", "Altium.TestTask.Sorter\Altium.TestTask.Sorter.csproj", "{E0701D64-C029-489F-972C-A130BEAE587E}"
EndProject
Project("{FAE04EC0-301F-11D3-BF4B-00C04F79EFBC}") = "Altium.TestTask.Sorter.Tests", "Altium.TestTask.Sorter.Tests\Altium.TestTask.Sorter.Tests.csproj", "{53387F84-A626-4094-91A8-CF932B4C1CC6}"
EndProject
Global
	GlobalSection(SolutionConfigurationPlatforms) = preSolution
		Debug|Any CPU = Debug|Any CPU
		Release|Any CPU = Release|Any CPU
	EndGlobalSection
	GlobalSection(ProjectConfigurationPlatforms) = postSolution
		{2BECFB75-ECA4-4601-8026-34990B9CDD71}.Debug|Any CPU.ActiveCfg = Debug|Any CPU
		{2BECFB75-ECA4-4601-8026-34990B9CDD71}.Debug|Any CPU.Build.0 = Debug|Any CPU
		{2BECFB75-ECA4-4601-8026-34990B9CDD71}.Release|Any CPU.ActiveCfg = Release|Any CPU
		{2BECFB75-ECA4-4601-8026-34990B9CDD71}.Release|Any CPU.Build.0 = Release|Any CPU
		{E0701D64-C029-489F-972C-A130BEAE587E}.Debug|Any CPU.ActiveCfg = Debug|Any CPU
		{E0701D64-C029-489F-972C-A130BEAE587E}.Debug|Any CPU.Build.0 = Debug|Any CPU
		{E0701D64-C029-489F-972C-A130BEAE587E}.Release|Any CPU.ActiveCfg = Release|Any CPU
		{E0701D64-C029-489F-972C-A130BEAE587E}.Release|Any CPU.Build.0 = Release|Any CPU
		{53387F84-A626-4094-91A8-CF932B4C1CC6}.Debug|Any CPU.ActiveCfg = Debug|Any CPU
		{53387F84-A626-4094-91A8-CF932B4C1CC6}.Debug|Any CPU.Build.0 = Debug|Any CPU
		{53387F84-A626-4094-91A8-CF932B4C1CC6}.Release|Any CPU.ActiveCfg = Release|Any CPU
		{53387F84-A626-4094-91A8-CF932B4C1CC6}.Release|Any CPU.Build.0 = Release|Any CPU
	EndGlobalSection
	GlobalSection(SolutionProperties) = preSolution
		HideSolutionNode = FALSE
	EndGlobalSection
	GlobalSection(ExtensibilityGlobals) = postSolution
		SolutionGuid = {638BC39B-D73D-4C44-ABF0-2A06AFB2C6C2}
	EndGlobalSection
EndGlobal
